
Microsoft Visual Studio Solution File, Format Version 12.00
# Visual Studio Version 16
VisualStudioVersion = 16.0.28407.52
MinimumVisualStudioVersion = 15.0.26124.0
Project("{FAE04EC0-301F-11D3-BF4B-00C04F79EFBC}") = "Sunburst.VisualStudio.DarwinClangSupport", "src\Sunburst.VisualStudio.DarwinClangSupport\Sunburst.VisualStudio.DarwinClangSupport.csproj", "{A1507683-EEDE-4850-A757-8DED27848987}"
EndProject
Global
	GlobalSection(SolutionConfigurationPlatforms) = preSolution
		Debug|Any CPU = Debug|Any CPU
		Release|Any CPU = Release|Any CPU
	EndGlobalSection
	GlobalSection(ProjectConfigurationPlatforms) = postSolution
		{A1507683-EEDE-4850-A757-8DED27848987}.Debug|Any CPU.ActiveCfg = Debug|Any CPU
		{A1507683-EEDE-4850-A757-8DED27848987}.Debug|Any CPU.Build.0 = Debug|Any CPU
		{A1507683-EEDE-4850-A757-8DED27848987}.Release|Any CPU.ActiveCfg = Release|Any CPU
		{A1507683-EEDE-4850-A757-8DED27848987}.Release|Any CPU.Build.0 = Release|Any CPU
	EndGlobalSection
	GlobalSection(SolutionProperties) = preSolution
		HideSolutionNode = FALSE
	EndGlobalSection
	GlobalSection(ExtensibilityGlobals) = postSolution
		SolutionGuid = {83265178-6718-40E9-B4A5-13159A88A202}
	EndGlobalSection
EndGlobal
